
Microsoft Visual Studio Solution File, Format Version 12.00
# Visual Studio Version 17
VisualStudioVersion = 17.2.32616.157
MinimumVisualStudioVersion = 10.0.40219.1
Project("{FAE04EC0-301F-11D3-BF4B-00C04F79EFBC}") = "Teser", "Teser\Teser.csproj", "{EDBEB947-119B-4067-8318-C5C6E7B798B3}"
EndProject
Global
	GlobalSection(SolutionConfigurationPlatforms) = preSolution
		Debug|Any CPU = Debug|Any CPU
		Release|Any CPU = Release|Any CPU
	EndGlobalSection
	GlobalSection(ProjectConfigurationPlatforms) = postSolution
		{EDBEB947-119B-4067-8318-C5C6E7B798B3}.Debug|Any CPU.ActiveCfg = Debug|Any CPU
		{EDBEB947-119B-4067-8318-C5C6E7B798B3}.Debug|Any CPU.Build.0 = Debug|Any CPU
		{EDBEB947-119B-4067-8318-C5C6E7B798B3}.Release|Any CPU.ActiveCfg = Release|Any CPU
		{EDBEB947-119B-4067-8318-C5C6E7B798B3}.Release|Any CPU.Build.0 = Release|Any CPU
	EndGlobalSection
	GlobalSection(SolutionProperties) = preSolution
		HideSolutionNode = FALSE
	EndGlobalSection
	GlobalSection(ExtensibilityGlobals) = postSolution
		SolutionGuid = {CAF7429F-1423-4D6E-B473-95F46FA20A34}
	EndGlobalSection
EndGlobal
